
Microsoft Visual Studio Solution File, Format Version 12.00
# Visual Studio Version 17
VisualStudioVersion = 17.4.33103.184
MinimumVisualStudioVersion = 10.0.40219.1
Project("{FAE04EC0-301F-11D3-BF4B-00C04F79EFBC}") = "EmployeeRegisterAPI", "EmployeeRegisterAPI\EmployeeRegisterAPI.csproj", "{0ED545F1-45C0-4614-8A28-88FA238BDA40}"
EndProject
Global
	GlobalSection(SolutionConfigurationPlatforms) = preSolution
		Debug|Any CPU = Debug|Any CPU
		Release|Any CPU = Release|Any CPU
	EndGlobalSection
	GlobalSection(ProjectConfigurationPlatforms) = postSolution
		{0ED545F1-45C0-4614-8A28-88FA238BDA40}.Debug|Any CPU.ActiveCfg = Debug|Any CPU
		{0ED545F1-45C0-4614-8A28-88FA238BDA40}.Debug|Any CPU.Build.0 = Debug|Any CPU
		{0ED545F1-45C0-4614-8A28-88FA238BDA40}.Release|Any CPU.ActiveCfg = Release|Any CPU
		{0ED545F1-45C0-4614-8A28-88FA238BDA40}.Release|Any CPU.Build.0 = Release|Any CPU
	EndGlobalSection
	GlobalSection(SolutionProperties) = preSolution
		HideSolutionNode = FALSE
	EndGlobalSection
	GlobalSection(ExtensibilityGlobals) = postSolution
		SolutionGuid = {0FF292B6-4E3C-4EDD-B93E-8E4C3CBD85ED}
	EndGlobalSection
EndGlobal
